
Microsoft Visual Studio Solution File, Format Version 12.00
# Visual Studio Version 17
VisualStudioVersion = 17.7.34031.279
MinimumVisualStudioVersion = 10.0.40219.1
Project("{FAE04EC0-301F-11D3-BF4B-00C04F79EFBC}") = "06 array 2D", "06 array 2D.csproj", "{D3E8838A-2E15-43E8-8F1B-499BEED8FB87}"
EndProject
Global
	GlobalSection(SolutionConfigurationPlatforms) = preSolution
		Debug|Any CPU = Debug|Any CPU
		Release|Any CPU = Release|Any CPU
	EndGlobalSection
	GlobalSection(ProjectConfigurationPlatforms) = postSolution
		{D3E8838A-2E15-43E8-8F1B-499BEED8FB87}.Debug|Any CPU.ActiveCfg = Debug|Any CPU
		{D3E8838A-2E15-43E8-8F1B-499BEED8FB87}.Debug|Any CPU.Build.0 = Debug|Any CPU
		{D3E8838A-2E15-43E8-8F1B-499BEED8FB87}.Release|Any CPU.ActiveCfg = Release|Any CPU
		{D3E8838A-2E15-43E8-8F1B-499BEED8FB87}.Release|Any CPU.Build.0 = Release|Any CPU
	EndGlobalSection
	GlobalSection(SolutionProperties) = preSolution
		HideSolutionNode = FALSE
	EndGlobalSection
	GlobalSection(ExtensibilityGlobals) = postSolution
		SolutionGuid = {84D1F387-FB22-432C-AEDC-6E554B6D76F9}
	EndGlobalSection
EndGlobal
