
Microsoft Visual Studio Solution File, Format Version 12.00
# Visual Studio Version 17
VisualStudioVersion = 17.7.34031.279
MinimumVisualStudioVersion = 10.0.40219.1
Project("{FAE04EC0-301F-11D3-BF4B-00C04F79EFBC}") = "Case test codegrade", "Case test codegrade.csproj", "{2E59F461-5270-4F22-8439-1745EAF6F35E}"
EndProject
Global
	GlobalSection(SolutionConfigurationPlatforms) = preSolution
		Debug|Any CPU = Debug|Any CPU
		Release|Any CPU = Release|Any CPU
	EndGlobalSection
	GlobalSection(ProjectConfigurationPlatforms) = postSolution
		{2E59F461-5270-4F22-8439-1745EAF6F35E}.Debug|Any CPU.ActiveCfg = Debug|Any CPU
		{2E59F461-5270-4F22-8439-1745EAF6F35E}.Debug|Any CPU.Build.0 = Debug|Any CPU
		{2E59F461-5270-4F22-8439-1745EAF6F35E}.Release|Any CPU.ActiveCfg = Release|Any CPU
		{2E59F461-5270-4F22-8439-1745EAF6F35E}.Release|Any CPU.Build.0 = Release|Any CPU
	EndGlobalSection
	GlobalSection(SolutionProperties) = preSolution
		HideSolutionNode = FALSE
	EndGlobalSection
	GlobalSection(ExtensibilityGlobals) = postSolution
		SolutionGuid = {2C615FA2-F9D1-46F8-BEC3-BB47D677ED91}
	EndGlobalSection
EndGlobal
