
Microsoft Visual Studio Solution File, Format Version 12.00
# Visual Studio Version 17
VisualStudioVersion = 17.7.34031.279
MinimumVisualStudioVersion = 10.0.40219.1
Project("{FAE04EC0-301F-11D3-BF4B-00C04F79EFBC}") = "03 leap year", "03 leap year.csproj", "{1A838C29-26B3-41BC-B78E-E1B934504919}"
EndProject
Global
	GlobalSection(SolutionConfigurationPlatforms) = preSolution
		Debug|Any CPU = Debug|Any CPU
		Release|Any CPU = Release|Any CPU
	EndGlobalSection
	GlobalSection(ProjectConfigurationPlatforms) = postSolution
		{1A838C29-26B3-41BC-B78E-E1B934504919}.Debug|Any CPU.ActiveCfg = Debug|Any CPU
		{1A838C29-26B3-41BC-B78E-E1B934504919}.Debug|Any CPU.Build.0 = Debug|Any CPU
		{1A838C29-26B3-41BC-B78E-E1B934504919}.Release|Any CPU.ActiveCfg = Release|Any CPU
		{1A838C29-26B3-41BC-B78E-E1B934504919}.Release|Any CPU.Build.0 = Release|Any CPU
	EndGlobalSection
	GlobalSection(SolutionProperties) = preSolution
		HideSolutionNode = FALSE
	EndGlobalSection
	GlobalSection(ExtensibilityGlobals) = postSolution
		SolutionGuid = {F412FBC3-44DC-42B2-B65F-65BB9C8DCDFB}
	EndGlobalSection
EndGlobal
