
Microsoft Visual Studio Solution File, Format Version 12.00
# Visual Studio Version 17
VisualStudioVersion = 17.7.34031.279
MinimumVisualStudioVersion = 10.0.40219.1
Project("{FAE04EC0-301F-11D3-BF4B-00C04F79EFBC}") = "06 even and odd", "06 even and odd.csproj", "{98AB39CF-6046-4FAA-B034-CA96147A199B}"
EndProject
Global
	GlobalSection(SolutionConfigurationPlatforms) = preSolution
		Debug|Any CPU = Debug|Any CPU
		Release|Any CPU = Release|Any CPU
	EndGlobalSection
	GlobalSection(ProjectConfigurationPlatforms) = postSolution
		{98AB39CF-6046-4FAA-B034-CA96147A199B}.Debug|Any CPU.ActiveCfg = Debug|Any CPU
		{98AB39CF-6046-4FAA-B034-CA96147A199B}.Debug|Any CPU.Build.0 = Debug|Any CPU
		{98AB39CF-6046-4FAA-B034-CA96147A199B}.Release|Any CPU.ActiveCfg = Release|Any CPU
		{98AB39CF-6046-4FAA-B034-CA96147A199B}.Release|Any CPU.Build.0 = Release|Any CPU
	EndGlobalSection
	GlobalSection(SolutionProperties) = preSolution
		HideSolutionNode = FALSE
	EndGlobalSection
	GlobalSection(ExtensibilityGlobals) = postSolution
		SolutionGuid = {55CAEA3A-CCA0-44D2-9B67-E861107D4CA0}
	EndGlobalSection
EndGlobal
