
Microsoft Visual Studio Solution File, Format Version 12.00
# Visual Studio Version 17
VisualStudioVersion = 17.7.34031.279
MinimumVisualStudioVersion = 10.0.40219.1
Project("{FAE04EC0-301F-11D3-BF4B-00C04F79EFBC}") = "03 Month", "03 Month.csproj", "{382A44F1-91C6-47CC-879D-351471F0261E}"
EndProject
Global
	GlobalSection(SolutionConfigurationPlatforms) = preSolution
		Debug|Any CPU = Debug|Any CPU
		Release|Any CPU = Release|Any CPU
	EndGlobalSection
	GlobalSection(ProjectConfigurationPlatforms) = postSolution
		{382A44F1-91C6-47CC-879D-351471F0261E}.Debug|Any CPU.ActiveCfg = Debug|Any CPU
		{382A44F1-91C6-47CC-879D-351471F0261E}.Debug|Any CPU.Build.0 = Debug|Any CPU
		{382A44F1-91C6-47CC-879D-351471F0261E}.Release|Any CPU.ActiveCfg = Release|Any CPU
		{382A44F1-91C6-47CC-879D-351471F0261E}.Release|Any CPU.Build.0 = Release|Any CPU
	EndGlobalSection
	GlobalSection(SolutionProperties) = preSolution
		HideSolutionNode = FALSE
	EndGlobalSection
	GlobalSection(ExtensibilityGlobals) = postSolution
		SolutionGuid = {E1E4E54D-7E17-4484-989D-87542FD63B20}
	EndGlobalSection
EndGlobal
