
Microsoft Visual Studio Solution File, Format Version 12.00
# Visual Studio Version 17
VisualStudioVersion = 17.7.34031.279
MinimumVisualStudioVersion = 10.0.40219.1
Project("{FAE04EC0-301F-11D3-BF4B-00C04F79EFBC}") = "07 exception before after", "07 exception before after.csproj", "{8053CEE8-1D32-4746-88A2-E405CCD335B7}"
EndProject
Global
	GlobalSection(SolutionConfigurationPlatforms) = preSolution
		Debug|Any CPU = Debug|Any CPU
		Release|Any CPU = Release|Any CPU
	EndGlobalSection
	GlobalSection(ProjectConfigurationPlatforms) = postSolution
		{8053CEE8-1D32-4746-88A2-E405CCD335B7}.Debug|Any CPU.ActiveCfg = Debug|Any CPU
		{8053CEE8-1D32-4746-88A2-E405CCD335B7}.Debug|Any CPU.Build.0 = Debug|Any CPU
		{8053CEE8-1D32-4746-88A2-E405CCD335B7}.Release|Any CPU.ActiveCfg = Release|Any CPU
		{8053CEE8-1D32-4746-88A2-E405CCD335B7}.Release|Any CPU.Build.0 = Release|Any CPU
	EndGlobalSection
	GlobalSection(SolutionProperties) = preSolution
		HideSolutionNode = FALSE
	EndGlobalSection
	GlobalSection(ExtensibilityGlobals) = postSolution
		SolutionGuid = {E2C6C2E7-C5C1-49C8-8770-9734F974A635}
	EndGlobalSection
EndGlobal
