
Microsoft Visual Studio Solution File, Format Version 12.00
# Visual Studio Version 17
VisualStudioVersion = 17.7.34031.279
MinimumVisualStudioVersion = 10.0.40219.1
Project("{FAE04EC0-301F-11D3-BF4B-00C04F79EFBC}") = "08 emerdolip", "08 emerdolip.csproj", "{48CE7B1C-88DC-400F-81F6-D99D2E037B2D}"
EndProject
Global
	GlobalSection(SolutionConfigurationPlatforms) = preSolution
		Debug|Any CPU = Debug|Any CPU
		Release|Any CPU = Release|Any CPU
	EndGlobalSection
	GlobalSection(ProjectConfigurationPlatforms) = postSolution
		{48CE7B1C-88DC-400F-81F6-D99D2E037B2D}.Debug|Any CPU.ActiveCfg = Debug|Any CPU
		{48CE7B1C-88DC-400F-81F6-D99D2E037B2D}.Debug|Any CPU.Build.0 = Debug|Any CPU
		{48CE7B1C-88DC-400F-81F6-D99D2E037B2D}.Release|Any CPU.ActiveCfg = Release|Any CPU
		{48CE7B1C-88DC-400F-81F6-D99D2E037B2D}.Release|Any CPU.Build.0 = Release|Any CPU
	EndGlobalSection
	GlobalSection(SolutionProperties) = preSolution
		HideSolutionNode = FALSE
	EndGlobalSection
	GlobalSection(ExtensibilityGlobals) = postSolution
		SolutionGuid = {A84AD90E-8933-4E73-BACF-34E800D5A896}
	EndGlobalSection
EndGlobal
