
Microsoft Visual Studio Solution File, Format Version 12.00
# Visual Studio Version 17
VisualStudioVersion = 17.7.34031.279
MinimumVisualStudioVersion = 10.0.40219.1
Project("{FAE04EC0-301F-11D3-BF4B-00C04F79EFBC}") = "06 element frequency", "06 element frequency.csproj", "{CAE4CF55-A0A2-4E7F-BAB3-CCF421CB8226}"
EndProject
Global
	GlobalSection(SolutionConfigurationPlatforms) = preSolution
		Debug|Any CPU = Debug|Any CPU
		Release|Any CPU = Release|Any CPU
	EndGlobalSection
	GlobalSection(ProjectConfigurationPlatforms) = postSolution
		{CAE4CF55-A0A2-4E7F-BAB3-CCF421CB8226}.Debug|Any CPU.ActiveCfg = Debug|Any CPU
		{CAE4CF55-A0A2-4E7F-BAB3-CCF421CB8226}.Debug|Any CPU.Build.0 = Debug|Any CPU
		{CAE4CF55-A0A2-4E7F-BAB3-CCF421CB8226}.Release|Any CPU.ActiveCfg = Release|Any CPU
		{CAE4CF55-A0A2-4E7F-BAB3-CCF421CB8226}.Release|Any CPU.Build.0 = Release|Any CPU
	EndGlobalSection
	GlobalSection(SolutionProperties) = preSolution
		HideSolutionNode = FALSE
	EndGlobalSection
	GlobalSection(ExtensibilityGlobals) = postSolution
		SolutionGuid = {99A38C07-E56F-4BE3-B45D-B04BBC7B5F65}
	EndGlobalSection
EndGlobal
