
Microsoft Visual Studio Solution File, Format Version 12.00
# Visual Studio Version 17
VisualStudioVersion = 17.7.34031.279
MinimumVisualStudioVersion = 10.0.40219.1
Project("{FAE04EC0-301F-11D3-BF4B-00C04F79EFBC}") = "Book_text reader", "Book_text reader.csproj", "{B1E88EE2-FC7A-4BAB-A222-626796C0C88B}"
EndProject
Global
	GlobalSection(SolutionConfigurationPlatforms) = preSolution
		Debug|Any CPU = Debug|Any CPU
		Release|Any CPU = Release|Any CPU
	EndGlobalSection
	GlobalSection(ProjectConfigurationPlatforms) = postSolution
		{B1E88EE2-FC7A-4BAB-A222-626796C0C88B}.Debug|Any CPU.ActiveCfg = Debug|Any CPU
		{B1E88EE2-FC7A-4BAB-A222-626796C0C88B}.Debug|Any CPU.Build.0 = Debug|Any CPU
		{B1E88EE2-FC7A-4BAB-A222-626796C0C88B}.Release|Any CPU.ActiveCfg = Release|Any CPU
		{B1E88EE2-FC7A-4BAB-A222-626796C0C88B}.Release|Any CPU.Build.0 = Release|Any CPU
	EndGlobalSection
	GlobalSection(SolutionProperties) = preSolution
		HideSolutionNode = FALSE
	EndGlobalSection
	GlobalSection(ExtensibilityGlobals) = postSolution
		SolutionGuid = {409E0920-566D-482F-AF1B-A35C1D7CFE48}
	EndGlobalSection
EndGlobal
