
Microsoft Visual Studio Solution File, Format Version 12.00
# Visual Studio Version 17
VisualStudioVersion = 17.7.34031.279
MinimumVisualStudioVersion = 10.0.40219.1
Project("{FAE04EC0-301F-11D3-BF4B-00C04F79EFBC}") = "05 punction", "05 punction.csproj", "{42BC67A5-688B-48AC-B151-1419D45B8233}"
EndProject
Global
	GlobalSection(SolutionConfigurationPlatforms) = preSolution
		Debug|Any CPU = Debug|Any CPU
		Release|Any CPU = Release|Any CPU
	EndGlobalSection
	GlobalSection(ProjectConfigurationPlatforms) = postSolution
		{42BC67A5-688B-48AC-B151-1419D45B8233}.Debug|Any CPU.ActiveCfg = Debug|Any CPU
		{42BC67A5-688B-48AC-B151-1419D45B8233}.Debug|Any CPU.Build.0 = Debug|Any CPU
		{42BC67A5-688B-48AC-B151-1419D45B8233}.Release|Any CPU.ActiveCfg = Release|Any CPU
		{42BC67A5-688B-48AC-B151-1419D45B8233}.Release|Any CPU.Build.0 = Release|Any CPU
	EndGlobalSection
	GlobalSection(SolutionProperties) = preSolution
		HideSolutionNode = FALSE
	EndGlobalSection
	GlobalSection(ExtensibilityGlobals) = postSolution
		SolutionGuid = {3AF6881F-2B0E-42E0-932B-50091B618A18}
	EndGlobalSection
EndGlobal
