
Microsoft Visual Studio Solution File, Format Version 12.00
# Visual Studio Version 17
VisualStudioVersion = 17.7.34031.279
MinimumVisualStudioVersion = 10.0.40219.1
Project("{FAE04EC0-301F-11D3-BF4B-00C04F79EFBC}") = "07 errors.", "..\07 errors\07 errors..csproj", "{A2139A72-2A71-4CFB-AF51-887545BBABED}"
EndProject
Global
	GlobalSection(SolutionConfigurationPlatforms) = preSolution
		Debug|Any CPU = Debug|Any CPU
		Release|Any CPU = Release|Any CPU
	EndGlobalSection
	GlobalSection(ProjectConfigurationPlatforms) = postSolution
		{A2139A72-2A71-4CFB-AF51-887545BBABED}.Debug|Any CPU.ActiveCfg = Debug|Any CPU
		{A2139A72-2A71-4CFB-AF51-887545BBABED}.Debug|Any CPU.Build.0 = Debug|Any CPU
		{A2139A72-2A71-4CFB-AF51-887545BBABED}.Release|Any CPU.ActiveCfg = Release|Any CPU
		{A2139A72-2A71-4CFB-AF51-887545BBABED}.Release|Any CPU.Build.0 = Release|Any CPU
	EndGlobalSection
	GlobalSection(SolutionProperties) = preSolution
		HideSolutionNode = FALSE
	EndGlobalSection
	GlobalSection(ExtensibilityGlobals) = postSolution
		SolutionGuid = {1B65F71A-069A-4204-B6BD-473C1F51C64D}
	EndGlobalSection
EndGlobal
