
Microsoft Visual Studio Solution File, Format Version 12.00
# Visual Studio Version 17
VisualStudioVersion = 17.7.34031.279
MinimumVisualStudioVersion = 10.0.40219.1
Project("{FAE04EC0-301F-11D3-BF4B-00C04F79EFBC}") = "07sum", "07sum.csproj", "{B703C169-C33F-491F-A44F-A0CEBB26DBD9}"
EndProject
Global
	GlobalSection(SolutionConfigurationPlatforms) = preSolution
		Debug|Any CPU = Debug|Any CPU
		Release|Any CPU = Release|Any CPU
	EndGlobalSection
	GlobalSection(ProjectConfigurationPlatforms) = postSolution
		{B703C169-C33F-491F-A44F-A0CEBB26DBD9}.Debug|Any CPU.ActiveCfg = Debug|Any CPU
		{B703C169-C33F-491F-A44F-A0CEBB26DBD9}.Debug|Any CPU.Build.0 = Debug|Any CPU
		{B703C169-C33F-491F-A44F-A0CEBB26DBD9}.Release|Any CPU.ActiveCfg = Release|Any CPU
		{B703C169-C33F-491F-A44F-A0CEBB26DBD9}.Release|Any CPU.Build.0 = Release|Any CPU
	EndGlobalSection
	GlobalSection(SolutionProperties) = preSolution
		HideSolutionNode = FALSE
	EndGlobalSection
	GlobalSection(ExtensibilityGlobals) = postSolution
		SolutionGuid = {CCAA1D38-AF10-422B-B83C-D932AE163CB7}
	EndGlobalSection
EndGlobal
