
Microsoft Visual Studio Solution File, Format Version 12.00
# Visual Studio Version 17
VisualStudioVersion = 17.7.34031.279
MinimumVisualStudioVersion = 10.0.40219.1
Project("{FAE04EC0-301F-11D3-BF4B-00C04F79EFBC}") = "05 mAtch", "05 mAtch.csproj", "{065A1971-573D-42EA-927F-AC6646602C8E}"
EndProject
Global
	GlobalSection(SolutionConfigurationPlatforms) = preSolution
		Debug|Any CPU = Debug|Any CPU
		Release|Any CPU = Release|Any CPU
	EndGlobalSection
	GlobalSection(ProjectConfigurationPlatforms) = postSolution
		{065A1971-573D-42EA-927F-AC6646602C8E}.Debug|Any CPU.ActiveCfg = Debug|Any CPU
		{065A1971-573D-42EA-927F-AC6646602C8E}.Debug|Any CPU.Build.0 = Debug|Any CPU
		{065A1971-573D-42EA-927F-AC6646602C8E}.Release|Any CPU.ActiveCfg = Release|Any CPU
		{065A1971-573D-42EA-927F-AC6646602C8E}.Release|Any CPU.Build.0 = Release|Any CPU
	EndGlobalSection
	GlobalSection(SolutionProperties) = preSolution
		HideSolutionNode = FALSE
	EndGlobalSection
	GlobalSection(ExtensibilityGlobals) = postSolution
		SolutionGuid = {240511B6-8E8A-40F5-B65C-3705C720F3EF}
	EndGlobalSection
EndGlobal
