
Microsoft Visual Studio Solution File, Format Version 12.00
# Visual Studio Version 17
VisualStudioVersion = 17.7.34031.279
MinimumVisualStudioVersion = 10.0.40219.1
Project("{FAE04EC0-301F-11D3-BF4B-00C04F79EFBC}") = "03 numerical", "03 numerical.csproj", "{41680D51-E22D-46CB-B485-8112A50BCBB1}"
EndProject
Global
	GlobalSection(SolutionConfigurationPlatforms) = preSolution
		Debug|Any CPU = Debug|Any CPU
		Release|Any CPU = Release|Any CPU
	EndGlobalSection
	GlobalSection(ProjectConfigurationPlatforms) = postSolution
		{41680D51-E22D-46CB-B485-8112A50BCBB1}.Debug|Any CPU.ActiveCfg = Debug|Any CPU
		{41680D51-E22D-46CB-B485-8112A50BCBB1}.Debug|Any CPU.Build.0 = Debug|Any CPU
		{41680D51-E22D-46CB-B485-8112A50BCBB1}.Release|Any CPU.ActiveCfg = Release|Any CPU
		{41680D51-E22D-46CB-B485-8112A50BCBB1}.Release|Any CPU.Build.0 = Release|Any CPU
	EndGlobalSection
	GlobalSection(SolutionProperties) = preSolution
		HideSolutionNode = FALSE
	EndGlobalSection
	GlobalSection(ExtensibilityGlobals) = postSolution
		SolutionGuid = {62893070-A670-4C6A-AE34-D6049829339D}
	EndGlobalSection
EndGlobal
