
Microsoft Visual Studio Solution File, Format Version 12.00
# Visual Studio Version 17
VisualStudioVersion = 17.7.34031.279
MinimumVisualStudioVersion = 10.0.40219.1
Project("{FAE04EC0-301F-11D3-BF4B-00C04F79EFBC}") = "Most smallest  word", "Most smallest  word.csproj", "{F016A137-F499-414C-B793-B10BFD736853}"
EndProject
Global
	GlobalSection(SolutionConfigurationPlatforms) = preSolution
		Debug|Any CPU = Debug|Any CPU
		Release|Any CPU = Release|Any CPU
	EndGlobalSection
	GlobalSection(ProjectConfigurationPlatforms) = postSolution
		{F016A137-F499-414C-B793-B10BFD736853}.Debug|Any CPU.ActiveCfg = Debug|Any CPU
		{F016A137-F499-414C-B793-B10BFD736853}.Debug|Any CPU.Build.0 = Debug|Any CPU
		{F016A137-F499-414C-B793-B10BFD736853}.Release|Any CPU.ActiveCfg = Release|Any CPU
		{F016A137-F499-414C-B793-B10BFD736853}.Release|Any CPU.Build.0 = Release|Any CPU
	EndGlobalSection
	GlobalSection(SolutionProperties) = preSolution
		HideSolutionNode = FALSE
	EndGlobalSection
	GlobalSection(ExtensibilityGlobals) = postSolution
		SolutionGuid = {B03FE66E-5A1A-4CF1-8BDC-6AB51A21D03B}
	EndGlobalSection
EndGlobal
