
Microsoft Visual Studio Solution File, Format Version 12.00
# Visual Studio Version 17
VisualStudioVersion = 17.7.34031.279
MinimumVisualStudioVersion = 10.0.40219.1
Project("{FAE04EC0-301F-11D3-BF4B-00C04F79EFBC}") = "05 count", "05 count.csproj", "{9C0F203A-8481-4DA0-9898-9F612AFD1B4E}"
EndProject
Global
	GlobalSection(SolutionConfigurationPlatforms) = preSolution
		Debug|Any CPU = Debug|Any CPU
		Release|Any CPU = Release|Any CPU
	EndGlobalSection
	GlobalSection(ProjectConfigurationPlatforms) = postSolution
		{9C0F203A-8481-4DA0-9898-9F612AFD1B4E}.Debug|Any CPU.ActiveCfg = Debug|Any CPU
		{9C0F203A-8481-4DA0-9898-9F612AFD1B4E}.Debug|Any CPU.Build.0 = Debug|Any CPU
		{9C0F203A-8481-4DA0-9898-9F612AFD1B4E}.Release|Any CPU.ActiveCfg = Release|Any CPU
		{9C0F203A-8481-4DA0-9898-9F612AFD1B4E}.Release|Any CPU.Build.0 = Release|Any CPU
	EndGlobalSection
	GlobalSection(SolutionProperties) = preSolution
		HideSolutionNode = FALSE
	EndGlobalSection
	GlobalSection(ExtensibilityGlobals) = postSolution
		SolutionGuid = {3E4FD867-B7D9-4FC8-A69F-985536119ECB}
	EndGlobalSection
EndGlobal
