
Microsoft Visual Studio Solution File, Format Version 12.00
# Visual Studio Version 17
VisualStudioVersion = 17.7.34031.279
MinimumVisualStudioVersion = 10.0.40219.1
Project("{FAE04EC0-301F-11D3-BF4B-00C04F79EFBC}") = "06 ending", "06 ending.csproj", "{8178D832-33E8-44F6-A688-8C3B657336BC}"
EndProject
Global
	GlobalSection(SolutionConfigurationPlatforms) = preSolution
		Debug|Any CPU = Debug|Any CPU
		Release|Any CPU = Release|Any CPU
	EndGlobalSection
	GlobalSection(ProjectConfigurationPlatforms) = postSolution
		{8178D832-33E8-44F6-A688-8C3B657336BC}.Debug|Any CPU.ActiveCfg = Debug|Any CPU
		{8178D832-33E8-44F6-A688-8C3B657336BC}.Debug|Any CPU.Build.0 = Debug|Any CPU
		{8178D832-33E8-44F6-A688-8C3B657336BC}.Release|Any CPU.ActiveCfg = Release|Any CPU
		{8178D832-33E8-44F6-A688-8C3B657336BC}.Release|Any CPU.Build.0 = Release|Any CPU
	EndGlobalSection
	GlobalSection(SolutionProperties) = preSolution
		HideSolutionNode = FALSE
	EndGlobalSection
	GlobalSection(ExtensibilityGlobals) = postSolution
		SolutionGuid = {8DD988D8-7037-4D58-A776-87B25454BFA5}
	EndGlobalSection
EndGlobal
