
Microsoft Visual Studio Solution File, Format Version 12.00
# Visual Studio Version 17
VisualStudioVersion = 17.7.34031.279
MinimumVisualStudioVersion = 10.0.40219.1
Project("{FAE04EC0-301F-11D3-BF4B-00C04F79EFBC}") = "05 nesting word", "05 nesting word.csproj", "{8C954119-3A82-4D48-A1DD-AD79ABA3581C}"
EndProject
Global
	GlobalSection(SolutionConfigurationPlatforms) = preSolution
		Debug|Any CPU = Debug|Any CPU
		Release|Any CPU = Release|Any CPU
	EndGlobalSection
	GlobalSection(ProjectConfigurationPlatforms) = postSolution
		{8C954119-3A82-4D48-A1DD-AD79ABA3581C}.Debug|Any CPU.ActiveCfg = Debug|Any CPU
		{8C954119-3A82-4D48-A1DD-AD79ABA3581C}.Debug|Any CPU.Build.0 = Debug|Any CPU
		{8C954119-3A82-4D48-A1DD-AD79ABA3581C}.Release|Any CPU.ActiveCfg = Release|Any CPU
		{8C954119-3A82-4D48-A1DD-AD79ABA3581C}.Release|Any CPU.Build.0 = Release|Any CPU
	EndGlobalSection
	GlobalSection(SolutionProperties) = preSolution
		HideSolutionNode = FALSE
	EndGlobalSection
	GlobalSection(ExtensibilityGlobals) = postSolution
		SolutionGuid = {5999B1F3-31AB-4E94-A8D5-ACF306563390}
	EndGlobalSection
EndGlobal
