
Microsoft Visual Studio Solution File, Format Version 12.00
# Visual Studio Version 17
VisualStudioVersion = 17.7.34031.279
MinimumVisualStudioVersion = 10.0.40219.1
Project("{FAE04EC0-301F-11D3-BF4B-00C04F79EFBC}") = "07 product", "07 product.csproj", "{122589E8-EC31-4E50-85F7-8461E5C3D164}"
EndProject
Global
	GlobalSection(SolutionConfigurationPlatforms) = preSolution
		Debug|Any CPU = Debug|Any CPU
		Release|Any CPU = Release|Any CPU
	EndGlobalSection
	GlobalSection(ProjectConfigurationPlatforms) = postSolution
		{122589E8-EC31-4E50-85F7-8461E5C3D164}.Debug|Any CPU.ActiveCfg = Debug|Any CPU
		{122589E8-EC31-4E50-85F7-8461E5C3D164}.Debug|Any CPU.Build.0 = Debug|Any CPU
		{122589E8-EC31-4E50-85F7-8461E5C3D164}.Release|Any CPU.ActiveCfg = Release|Any CPU
		{122589E8-EC31-4E50-85F7-8461E5C3D164}.Release|Any CPU.Build.0 = Release|Any CPU
	EndGlobalSection
	GlobalSection(SolutionProperties) = preSolution
		HideSolutionNode = FALSE
	EndGlobalSection
	GlobalSection(ExtensibilityGlobals) = postSolution
		SolutionGuid = {FAC66053-17E6-450D-BA29-8F5E5D420228}
	EndGlobalSection
EndGlobal
