
Microsoft Visual Studio Solution File, Format Version 12.00
# Visual Studio Version 17
VisualStudioVersion = 17.7.34031.279
MinimumVisualStudioVersion = 10.0.40219.1
Project("{FAE04EC0-301F-11D3-BF4B-00C04F79EFBC}") = "05 punctuantion", "05 punctuantion.csproj", "{C0BBD457-A837-4709-8594-97D02C144D6A}"
EndProject
Global
	GlobalSection(SolutionConfigurationPlatforms) = preSolution
		Debug|Any CPU = Debug|Any CPU
		Release|Any CPU = Release|Any CPU
	EndGlobalSection
	GlobalSection(ProjectConfigurationPlatforms) = postSolution
		{C0BBD457-A837-4709-8594-97D02C144D6A}.Debug|Any CPU.ActiveCfg = Debug|Any CPU
		{C0BBD457-A837-4709-8594-97D02C144D6A}.Debug|Any CPU.Build.0 = Debug|Any CPU
		{C0BBD457-A837-4709-8594-97D02C144D6A}.Release|Any CPU.ActiveCfg = Release|Any CPU
		{C0BBD457-A837-4709-8594-97D02C144D6A}.Release|Any CPU.Build.0 = Release|Any CPU
	EndGlobalSection
	GlobalSection(SolutionProperties) = preSolution
		HideSolutionNode = FALSE
	EndGlobalSection
	GlobalSection(ExtensibilityGlobals) = postSolution
		SolutionGuid = {C90E5614-5AEE-41DF-BECB-48BF18DF61D5}
	EndGlobalSection
EndGlobal
