
Microsoft Visual Studio Solution File, Format Version 12.00
# Visual Studio Version 17
VisualStudioVersion = 17.7.34031.279
MinimumVisualStudioVersion = 10.0.40219.1
Project("{FAE04EC0-301F-11D3-BF4B-00C04F79EFBC}") = "07 km to miles", "07 km to miles.csproj", "{4082C9F4-C488-4B59-8C0A-81C50D3719D7}"
EndProject
Global
	GlobalSection(SolutionConfigurationPlatforms) = preSolution
		Debug|Any CPU = Debug|Any CPU
		Release|Any CPU = Release|Any CPU
	EndGlobalSection
	GlobalSection(ProjectConfigurationPlatforms) = postSolution
		{4082C9F4-C488-4B59-8C0A-81C50D3719D7}.Debug|Any CPU.ActiveCfg = Debug|Any CPU
		{4082C9F4-C488-4B59-8C0A-81C50D3719D7}.Debug|Any CPU.Build.0 = Debug|Any CPU
		{4082C9F4-C488-4B59-8C0A-81C50D3719D7}.Release|Any CPU.ActiveCfg = Release|Any CPU
		{4082C9F4-C488-4B59-8C0A-81C50D3719D7}.Release|Any CPU.Build.0 = Release|Any CPU
	EndGlobalSection
	GlobalSection(SolutionProperties) = preSolution
		HideSolutionNode = FALSE
	EndGlobalSection
	GlobalSection(ExtensibilityGlobals) = postSolution
		SolutionGuid = {6C96808B-9E35-45F0-95A8-7DB7AA8F362A}
	EndGlobalSection
EndGlobal
