
Microsoft Visual Studio Solution File, Format Version 12.00
# Visual Studio Version 17
VisualStudioVersion = 17.7.34031.279
MinimumVisualStudioVersion = 10.0.40219.1
Project("{FAE04EC0-301F-11D3-BF4B-00C04F79EFBC}") = "04 for loop", "04 for loop.csproj", "{5E28541F-346E-4FBC-A70B-614B56117112}"
EndProject
Global
	GlobalSection(SolutionConfigurationPlatforms) = preSolution
		Debug|Any CPU = Debug|Any CPU
		Release|Any CPU = Release|Any CPU
	EndGlobalSection
	GlobalSection(ProjectConfigurationPlatforms) = postSolution
		{5E28541F-346E-4FBC-A70B-614B56117112}.Debug|Any CPU.ActiveCfg = Debug|Any CPU
		{5E28541F-346E-4FBC-A70B-614B56117112}.Debug|Any CPU.Build.0 = Debug|Any CPU
		{5E28541F-346E-4FBC-A70B-614B56117112}.Release|Any CPU.ActiveCfg = Release|Any CPU
		{5E28541F-346E-4FBC-A70B-614B56117112}.Release|Any CPU.Build.0 = Release|Any CPU
	EndGlobalSection
	GlobalSection(SolutionProperties) = preSolution
		HideSolutionNode = FALSE
	EndGlobalSection
	GlobalSection(ExtensibilityGlobals) = postSolution
		SolutionGuid = {4AA990C8-5C39-4F99-A553-8A191811A260}
	EndGlobalSection
EndGlobal
