
Microsoft Visual Studio Solution File, Format Version 12.00
# Visual Studio Version 17
VisualStudioVersion = 17.7.34031.279
MinimumVisualStudioVersion = 10.0.40219.1
Project("{FAE04EC0-301F-11D3-BF4B-00C04F79EFBC}") = "CIRCUMFEREANCE", "CIRCUMFEREANCE.csproj", "{9DC59B1C-0095-4A6A-8566-6015BC92574F}"
EndProject
Global
	GlobalSection(SolutionConfigurationPlatforms) = preSolution
		Debug|Any CPU = Debug|Any CPU
		Release|Any CPU = Release|Any CPU
	EndGlobalSection
	GlobalSection(ProjectConfigurationPlatforms) = postSolution
		{9DC59B1C-0095-4A6A-8566-6015BC92574F}.Debug|Any CPU.ActiveCfg = Debug|Any CPU
		{9DC59B1C-0095-4A6A-8566-6015BC92574F}.Debug|Any CPU.Build.0 = Debug|Any CPU
		{9DC59B1C-0095-4A6A-8566-6015BC92574F}.Release|Any CPU.ActiveCfg = Release|Any CPU
		{9DC59B1C-0095-4A6A-8566-6015BC92574F}.Release|Any CPU.Build.0 = Release|Any CPU
	EndGlobalSection
	GlobalSection(SolutionProperties) = preSolution
		HideSolutionNode = FALSE
	EndGlobalSection
	GlobalSection(ExtensibilityGlobals) = postSolution
		SolutionGuid = {29FBDD52-DC8B-4BE4-87A4-7A5F09A1DA8A}
	EndGlobalSection
EndGlobal
