
Microsoft Visual Studio Solution File, Format Version 12.00
# Visual Studio Version 17
VisualStudioVersion = 17.7.34031.279
MinimumVisualStudioVersion = 10.0.40219.1
Project("{FAE04EC0-301F-11D3-BF4B-00C04F79EFBC}") = "04 even steven", "04 even steven.csproj", "{CBBD66EE-A861-45F8-95AE-36090D2AD7A2}"
EndProject
Global
	GlobalSection(SolutionConfigurationPlatforms) = preSolution
		Debug|Any CPU = Debug|Any CPU
		Release|Any CPU = Release|Any CPU
	EndGlobalSection
	GlobalSection(ProjectConfigurationPlatforms) = postSolution
		{CBBD66EE-A861-45F8-95AE-36090D2AD7A2}.Debug|Any CPU.ActiveCfg = Debug|Any CPU
		{CBBD66EE-A861-45F8-95AE-36090D2AD7A2}.Debug|Any CPU.Build.0 = Debug|Any CPU
		{CBBD66EE-A861-45F8-95AE-36090D2AD7A2}.Release|Any CPU.ActiveCfg = Release|Any CPU
		{CBBD66EE-A861-45F8-95AE-36090D2AD7A2}.Release|Any CPU.Build.0 = Release|Any CPU
	EndGlobalSection
	GlobalSection(SolutionProperties) = preSolution
		HideSolutionNode = FALSE
	EndGlobalSection
	GlobalSection(ExtensibilityGlobals) = postSolution
		SolutionGuid = {21A33FD1-733D-4C43-AF45-58685EB42BC5}
	EndGlobalSection
EndGlobal
