
Microsoft Visual Studio Solution File, Format Version 12.00
# Visual Studio Version 17
VisualStudioVersion = 17.7.34031.279
MinimumVisualStudioVersion = 10.0.40219.1
Project("{FAE04EC0-301F-11D3-BF4B-00C04F79EFBC}") = "07 words", "07 words.csproj", "{CAF71D5C-4EF1-49AB-9F3D-3645149E3CF0}"
EndProject
Global
	GlobalSection(SolutionConfigurationPlatforms) = preSolution
		Debug|Any CPU = Debug|Any CPU
		Release|Any CPU = Release|Any CPU
	EndGlobalSection
	GlobalSection(ProjectConfigurationPlatforms) = postSolution
		{CAF71D5C-4EF1-49AB-9F3D-3645149E3CF0}.Debug|Any CPU.ActiveCfg = Debug|Any CPU
		{CAF71D5C-4EF1-49AB-9F3D-3645149E3CF0}.Debug|Any CPU.Build.0 = Debug|Any CPU
		{CAF71D5C-4EF1-49AB-9F3D-3645149E3CF0}.Release|Any CPU.ActiveCfg = Release|Any CPU
		{CAF71D5C-4EF1-49AB-9F3D-3645149E3CF0}.Release|Any CPU.Build.0 = Release|Any CPU
	EndGlobalSection
	GlobalSection(SolutionProperties) = preSolution
		HideSolutionNode = FALSE
	EndGlobalSection
	GlobalSection(ExtensibilityGlobals) = postSolution
		SolutionGuid = {4A21AFDA-6BC1-4CA2-A276-E8929CD2D794}
	EndGlobalSection
EndGlobal
