
Microsoft Visual Studio Solution File, Format Version 12.00
# Visual Studio Version 17
VisualStudioVersion = 17.7.34031.279
MinimumVisualStudioVersion = 10.0.40219.1
Project("{FAE04EC0-301F-11D3-BF4B-00C04F79EFBC}") = "05 mixed", "05 mixed.csproj", "{22D68CF9-3BDC-480B-A157-191EAC971CC7}"
EndProject
Global
	GlobalSection(SolutionConfigurationPlatforms) = preSolution
		Debug|Any CPU = Debug|Any CPU
		Release|Any CPU = Release|Any CPU
	EndGlobalSection
	GlobalSection(ProjectConfigurationPlatforms) = postSolution
		{22D68CF9-3BDC-480B-A157-191EAC971CC7}.Debug|Any CPU.ActiveCfg = Debug|Any CPU
		{22D68CF9-3BDC-480B-A157-191EAC971CC7}.Debug|Any CPU.Build.0 = Debug|Any CPU
		{22D68CF9-3BDC-480B-A157-191EAC971CC7}.Release|Any CPU.ActiveCfg = Release|Any CPU
		{22D68CF9-3BDC-480B-A157-191EAC971CC7}.Release|Any CPU.Build.0 = Release|Any CPU
	EndGlobalSection
	GlobalSection(SolutionProperties) = preSolution
		HideSolutionNode = FALSE
	EndGlobalSection
	GlobalSection(ExtensibilityGlobals) = postSolution
		SolutionGuid = {2AD27B29-A712-410F-8765-C429661D9617}
	EndGlobalSection
EndGlobal
