
Microsoft Visual Studio Solution File, Format Version 12.00
# Visual Studio Version 17
VisualStudioVersion = 17.7.34031.279
MinimumVisualStudioVersion = 10.0.40219.1
Project("{FAE04EC0-301F-11D3-BF4B-00C04F79EFBC}") = "BSCII", "BSCII.csproj", "{07C4C5A4-92F6-4E80-A9CB-6E215F7DD31E}"
EndProject
Global
	GlobalSection(SolutionConfigurationPlatforms) = preSolution
		Debug|Any CPU = Debug|Any CPU
		Release|Any CPU = Release|Any CPU
	EndGlobalSection
	GlobalSection(ProjectConfigurationPlatforms) = postSolution
		{07C4C5A4-92F6-4E80-A9CB-6E215F7DD31E}.Debug|Any CPU.ActiveCfg = Debug|Any CPU
		{07C4C5A4-92F6-4E80-A9CB-6E215F7DD31E}.Debug|Any CPU.Build.0 = Debug|Any CPU
		{07C4C5A4-92F6-4E80-A9CB-6E215F7DD31E}.Release|Any CPU.ActiveCfg = Release|Any CPU
		{07C4C5A4-92F6-4E80-A9CB-6E215F7DD31E}.Release|Any CPU.Build.0 = Release|Any CPU
	EndGlobalSection
	GlobalSection(SolutionProperties) = preSolution
		HideSolutionNode = FALSE
	EndGlobalSection
	GlobalSection(ExtensibilityGlobals) = postSolution
		SolutionGuid = {D0682DD7-D17A-4470-937E-4FB1D9366523}
	EndGlobalSection
EndGlobal
