
Microsoft Visual Studio Solution File, Format Version 12.00
# Visual Studio Version 17
VisualStudioVersion = 17.7.34031.279
MinimumVisualStudioVersion = 10.0.40219.1
Project("{FAE04EC0-301F-11D3-BF4B-00C04F79EFBC}") = "05 punc", "05 punc.csproj", "{60EC8A2C-FF2C-4FE4-8A3A-98A19FBEDBB1}"
EndProject
Global
	GlobalSection(SolutionConfigurationPlatforms) = preSolution
		Debug|Any CPU = Debug|Any CPU
		Release|Any CPU = Release|Any CPU
	EndGlobalSection
	GlobalSection(ProjectConfigurationPlatforms) = postSolution
		{60EC8A2C-FF2C-4FE4-8A3A-98A19FBEDBB1}.Debug|Any CPU.ActiveCfg = Debug|Any CPU
		{60EC8A2C-FF2C-4FE4-8A3A-98A19FBEDBB1}.Debug|Any CPU.Build.0 = Debug|Any CPU
		{60EC8A2C-FF2C-4FE4-8A3A-98A19FBEDBB1}.Release|Any CPU.ActiveCfg = Release|Any CPU
		{60EC8A2C-FF2C-4FE4-8A3A-98A19FBEDBB1}.Release|Any CPU.Build.0 = Release|Any CPU
	EndGlobalSection
	GlobalSection(SolutionProperties) = preSolution
		HideSolutionNode = FALSE
	EndGlobalSection
	GlobalSection(ExtensibilityGlobals) = postSolution
		SolutionGuid = {06F0E4DB-6CD9-404C-A1AC-89276DFB97B6}
	EndGlobalSection
EndGlobal
